{
  "version": 4,
  "terraform_version": "1.0.9",
  "serial": 62,
  "lineage": "977514fd-e568-a512-b663-aac6d336edc7",
  "outputs": {},
  "resources": [
    {
      "mode": "managed",
      "type": "azurerm_resource_group",
      "name": "myresourcegroup",
      "provider": "provider[\"registry.terraform.io/hashicorp/azurerm\"]",
      "instances": [
        {
          "schema_version": 0,
          "attributes": {
            "id": "/subscriptions/3012021f-b102-437a-81f9-fb3cfb760017/resourceGroups/vault-jenkins",
            "location": "eastus",
            "name": "vault-jenkins",
            "tags": {
              "terraform": "true",
              "ttl": "720"
            },
            "timeouts": null
          },
          "sensitive_attributes": [],
          "private": "eyJlMmJmYjczMC1lY2FhLTExZTYtOGY4OC0zNDM2M2JjN2M0YzAiOnsiY3JlYXRlIjo1NDAwMDAwMDAwMDAwLCJkZWxldGUiOjU0MDAwMDAwMDAwMDAsInJlYWQiOjMwMDAwMDAwMDAwMCwidXBkYXRlIjo1NDAwMDAwMDAwMDAwfX0="
        }
      ]
    },
    {
      "mode": "managed",
      "type": "vault_approle_auth_backend_role",
      "name": "jenkins_approle",
      "provider": "provider[\"registry.terraform.io/hashicorp/vault\"]",
      "instances": [
        {
          "schema_version": 0,
          "attributes": {
            "backend": "jenkins",
            "bind_secret_id": true,
            "bound_cidr_list": null,
            "id": "auth/jenkins/role/jenkins-approle",
            "period": null,
            "policies": null,
            "role_id": "a18ff869-95d5-344b-17c1-35702b924f4b",
            "role_name": "jenkins-approle",
            "secret_id_bound_cidrs": [],
            "secret_id_num_uses": 0,
            "secret_id_ttl": 0,
            "token_bound_cidrs": [],
            "token_explicit_max_ttl": 0,
            "token_max_ttl": 0,
            "token_no_default_policy": false,
            "token_num_uses": 0,
            "token_period": 0,
            "token_policies": [
              "default",
              "jenkins-policy"
            ],
            "token_ttl": 0,
            "token_type": "default"
          },
          "sensitive_attributes": [],
          "private": "bnVsbA==",
          "dependencies": [
            "vault_auth_backend.jenkins_access"
          ]
        }
      ]
    },
    {
      "mode": "managed",
      "type": "vault_approle_auth_backend_role",
      "name": "pipeline_approle",
      "provider": "provider[\"registry.terraform.io/hashicorp/vault\"]",
      "instances": [
        {
          "schema_version": 0,
          "attributes": {
            "backend": "pipeline",
            "bind_secret_id": true,
            "bound_cidr_list": null,
            "id": "auth/pipeline/role/pipeline-approle",
            "period": null,
            "policies": null,
            "role_id": "a9783613-bf70-798e-1ccc-9fb819bfb829",
            "role_name": "pipeline-approle",
            "secret_id_bound_cidrs": [],
            "secret_id_num_uses": 1,
            "secret_id_ttl": 300,
            "token_bound_cidrs": [],
            "token_explicit_max_ttl": 0,
            "token_max_ttl": 0,
            "token_no_default_policy": false,
            "token_num_uses": 0,
            "token_period": 0,
            "token_policies": [
              "default",
              "pipeline-policy"
            ],
            "token_ttl": 1800,
            "token_type": "default"
          },
          "sensitive_attributes": [],
          "private": "bnVsbA==",
          "dependencies": [
            "vault_auth_backend.pipeline_access"
          ]
        }
      ]
    },
    {
      "mode": "managed",
      "type": "vault_approle_auth_backend_role",
      "name": "webblog_approle",
      "provider": "provider[\"registry.terraform.io/hashicorp/vault\"]",
      "instances": [
        {
          "schema_version": 0,
          "attributes": {
            "backend": "approle",
            "bind_secret_id": true,
            "bound_cidr_list": null,
            "id": "auth/approle/role/webblog-approle",
            "period": null,
            "policies": null,
            "role_id": "c9b7ed19-4fac-5802-86df-211633c367c6",
            "role_name": "webblog-approle",
            "secret_id_bound_cidrs": [],
            "secret_id_num_uses": 1,
            "secret_id_ttl": 600,
            "token_bound_cidrs": [],
            "token_explicit_max_ttl": 0,
            "token_max_ttl": 0,
            "token_no_default_policy": false,
            "token_num_uses": 0,
            "token_period": 0,
            "token_policies": [
              "default",
              "webblog"
            ],
            "token_ttl": 1800,
            "token_type": "default"
          },
          "sensitive_attributes": [],
          "private": "bnVsbA==",
          "dependencies": [
            "vault_auth_backend.apps_access"
          ]
        }
      ]
    },
    {
      "mode": "managed",
      "type": "vault_auth_backend",
      "name": "apps_access",
      "provider": "provider[\"registry.terraform.io/hashicorp/vault\"]",
      "instances": [
        {
          "schema_version": 1,
          "attributes": {
            "accessor": "auth_approle_5f31d956",
            "default_lease_ttl_seconds": 0,
            "description": "",
            "id": "approle",
            "listing_visibility": "",
            "local": false,
            "max_lease_ttl_seconds": 0,
            "path": "approle",
            "tune": [],
            "type": "approle"
          },
          "sensitive_attributes": [],
          "private": "eyJzY2hlbWFfdmVyc2lvbiI6IjEifQ=="
        }
      ]
    },
    {
      "mode": "managed",
      "type": "vault_auth_backend",
      "name": "example",
      "provider": "provider[\"registry.terraform.io/hashicorp/vault\"]",
      "instances": [
        {
          "schema_version": 1,
          "attributes": {
            "accessor": "auth_userpass_2b32d071",
            "default_lease_ttl_seconds": 0,
            "description": "",
            "id": "userpass",
            "listing_visibility": "",
            "local": false,
            "max_lease_ttl_seconds": 0,
            "path": "userpass",
            "tune": [],
            "type": "userpass"
          },
          "sensitive_attributes": [],
          "private": "eyJzY2hlbWFfdmVyc2lvbiI6IjEifQ=="
        }
      ]
    },
    {
      "mode": "managed",
      "type": "vault_auth_backend",
      "name": "jenkins_access",
      "provider": "provider[\"registry.terraform.io/hashicorp/vault\"]",
      "instances": [
        {
          "schema_version": 1,
          "attributes": {
            "accessor": "auth_approle_1179f07c",
            "default_lease_ttl_seconds": 0,
            "description": "",
            "id": "jenkins",
            "listing_visibility": "",
            "local": false,
            "max_lease_ttl_seconds": 0,
            "path": "jenkins",
            "tune": [],
            "type": "approle"
          },
          "sensitive_attributes": [],
          "private": "eyJzY2hlbWFfdmVyc2lvbiI6IjEifQ=="
        }
      ]
    },
    {
      "mode": "managed",
      "type": "vault_auth_backend",
      "name": "kubernetes",
      "provider": "provider[\"registry.terraform.io/hashicorp/vault\"]",
      "instances": [
        {
          "schema_version": 1,
          "attributes": {
            "accessor": "auth_kubernetes_05a62a24",
            "default_lease_ttl_seconds": 0,
            "description": "",
            "id": "kubernetes",
            "listing_visibility": "",
            "local": false,
            "max_lease_ttl_seconds": 0,
            "path": "kubernetes",
            "tune": [],
            "type": "kubernetes"
          },
          "sensitive_attributes": [],
          "private": "eyJzY2hlbWFfdmVyc2lvbiI6IjEifQ=="
        }
      ]
    },
    {
      "mode": "managed",
      "type": "vault_auth_backend",
      "name": "pipeline_access",
      "provider": "provider[\"registry.terraform.io/hashicorp/vault\"]",
      "instances": [
        {
          "schema_version": 1,
          "attributes": {
            "accessor": "auth_approle_fb9f67af",
            "default_lease_ttl_seconds": 0,
            "description": "",
            "id": "pipeline",
            "listing_visibility": "",
            "local": false,
            "max_lease_ttl_seconds": 0,
            "path": "pipeline",
            "tune": [],
            "type": "approle"
          },
          "sensitive_attributes": [],
          "private": "eyJzY2hlbWFfdmVyc2lvbiI6IjEifQ=="
        }
      ]
    },
    {
      "mode": "managed",
      "type": "vault_azure_secret_backend",
      "name": "azure",
      "provider": "provider[\"registry.terraform.io/hashicorp/vault\"]",
      "instances": [
        {
          "schema_version": 0,
          "attributes": {
            "client_id": "23c9c05e-96ae-4dd4-9c3b-a47dceb5ff14",
            "client_secret": "1CO7Q~K9tnxEoLZ1i6XNVZ7L9Heui8Tci4ocK",
            "description": "",
            "environment": "AzurePublicCloud",
            "id": "azure",
            "path": "azure",
            "subscription_id": "3012021f-b102-437a-81f9-fb3cfb760017",
            "tenant_id": "55189ca1-1c81-45f3-9ed7-9c6e6f8cc22b"
          },
          "sensitive_attributes": [],
          "private": "bnVsbA=="
        }
      ]
    },
    {
      "mode": "managed",
      "type": "vault_azure_secret_backend_role",
      "name": "jenkins",
      "provider": "provider[\"registry.terraform.io/hashicorp/vault\"]",
      "instances": [
        {
          "schema_version": 0,
          "attributes": {
            "application_object_id": "",
            "azure_roles": [
              {
                "role_id": "/subscriptions/3012021f-b102-437a-81f9-fb3cfb760017/providers/Microsoft.Authorization/roleDefinitions/b24988ac-6180-42a0-ab88-20f7382dd24c",
                "role_name": "Contributor",
                "scope": "/subscriptions/3012021f-b102-437a-81f9-fb3cfb760017/resourceGroups/vault-jenkins"
              }
            ],
            "backend": "azure",
            "description": null,
            "id": "azure/roles/jenkins",
            "max_ttl": "172800",
            "role": "jenkins",
            "ttl": "86400"
          },
          "sensitive_attributes": [],
          "private": "bnVsbA==",
          "dependencies": [
            "azurerm_resource_group.myresourcegroup",
            "vault_azure_secret_backend.azure"
          ]
        }
      ]
    },
    {
      "mode": "managed",
      "type": "vault_database_secret_backend_connection",
      "name": "mongodb",
      "provider": "provider[\"registry.terraform.io/hashicorp/vault\"]",
      "instances": [
        {
          "schema_version": 0,
          "attributes": {
            "allowed_roles": [
              "mongodb-role"
            ],
            "backend": "mongodb",
            "cassandra": [],
            "data": null,
            "elasticsearch": [],
            "hana": [],
            "id": "mongodb/config/mongodb",
            "mongodb": [
              {
                "connection_url": "mongodb://dbadmin:P%40ssw0rd@webblog-02.eastus.cloudapp.azure.com/admin",
                "max_connection_lifetime": 0,
                "max_idle_connections": 0,
                "max_open_connections": 2
              }
            ],
            "mongodbatlas": [],
            "mssql": [],
            "mysql": [],
            "mysql_aurora": [],
            "mysql_legacy": [],
            "mysql_rds": [],
            "name": "mongodb",
            "oracle": [],
            "postgresql": [],
            "root_rotation_statements": null,
            "verify_connection": true
          },
          "sensitive_attributes": [],
          "private": "bnVsbA==",
          "dependencies": [
            "vault_mount.db"
          ]
        }
      ]
    },
    {
      "mode": "managed",
      "type": "vault_database_secret_backend_role",
      "name": "mongodb-role",
      "provider": "provider[\"registry.terraform.io/hashicorp/vault\"]",
      "instances": [
        {
          "schema_version": 0,
          "attributes": {
            "backend": "mongodb",
            "creation_statements": [
              "{ \"db\": \"admin\", \"roles\": [{ \"role\": \"readWriteAnyDatabase\" }, {\"role\": \"read\", \"db\": \"foo\"}] }"
            ],
            "db_name": "mongodb",
            "default_ttl": 10,
            "id": "mongodb/roles/mongodb-role",
            "max_ttl": 86400,
            "name": "mongodb-role",
            "renew_statements": null,
            "revocation_statements": null,
            "rollback_statements": null
          },
          "sensitive_attributes": [],
          "private": "bnVsbA==",
          "dependencies": [
            "vault_database_secret_backend_connection.mongodb",
            "vault_mount.db"
          ]
        }
      ]
    },
    {
      "mode": "managed",
      "type": "vault_generic_secret",
      "name": "azure",
      "provider": "provider[\"registry.terraform.io/hashicorp/vault\"]",
      "instances": [
        {
          "schema_version": 1,
          "attributes": {
            "allow_read": null,
            "data": {
              "client_id": "23c9c05e-96ae-4dd4-9c3b-a47dceb5ff14",
              "client_secret": "1CO7Q~K9tnxEoLZ1i6XNVZ7L9Heui8Tci4ocK",
              "subscription_id": "3012021f-b102-437a-81f9-fb3cfb760017",
              "tenant_id": "55189ca1-1c81-45f3-9ed7-9c6e6f8cc22b"
            },
            "data_json": "{\"client_id\":\"23c9c05e-96ae-4dd4-9c3b-a47dceb5ff14\",\"client_secret\":\"1CO7Q~K9tnxEoLZ1i6XNVZ7L9Heui8Tci4ocK\",\"subscription_id\":\"3012021f-b102-437a-81f9-fb3cfb760017\",\"tenant_id\":\"55189ca1-1c81-45f3-9ed7-9c6e6f8cc22b\"}",
            "disable_read": false,
            "id": "internal/azure",
            "path": "internal/azure"
          },
          "sensitive_attributes": [],
          "private": "eyJzY2hlbWFfdmVyc2lvbiI6IjEifQ==",
          "dependencies": [
            "vault_mount.internal"
          ]
        }
      ]
    },
    {
      "mode": "managed",
      "type": "vault_generic_secret",
      "name": "developer_sample_data",
      "provider": "provider[\"registry.terraform.io/hashicorp/vault\"]",
      "instances": [
        {
          "schema_version": 1,
          "attributes": {
            "allow_read": null,
            "data": {
              "password": "bar",
              "username": "foo"
            },
            "data_json": "{\"password\":\"bar\",\"username\":\"foo\"}",
            "disable_read": false,
            "id": "developers/test_account",
            "path": "developers/test_account"
          },
          "sensitive_attributes": [],
          "private": "eyJzY2hlbWFfdmVyc2lvbiI6IjEifQ==",
          "dependencies": [
            "vault_mount.developers"
          ]
        }
      ]
    },
    {
      "mode": "managed",
      "type": "vault_generic_secret",
      "name": "webblog",
      "provider": "provider[\"registry.terraform.io/hashicorp/vault\"]",
      "instances": [
        {
          "schema_version": 1,
          "attributes": {
            "allow_read": null,
            "data": {
              "password": "P%40ssw0rd",
              "username": "dbadmin"
            },
            "data_json": "{\"password\":\"P%40ssw0rd\",\"username\":\"dbadmin\"}",
            "disable_read": false,
            "id": "internal/webblog/mongodb",
            "path": "internal/webblog/mongodb"
          },
          "sensitive_attributes": [],
          "private": "eyJzY2hlbWFfdmVyc2lvbiI6IjEifQ==",
          "dependencies": [
            "vault_mount.internal"
          ]
        }
      ]
    },
    {
      "mode": "managed",
      "type": "vault_kubernetes_auth_backend_role",
      "name": "webblog",
      "provider": "provider[\"registry.terraform.io/hashicorp/vault\"]",
      "instances": [
        {
          "schema_version": 0,
          "attributes": {
            "audience": null,
            "backend": "kubernetes",
            "bound_cidrs": null,
            "bound_service_account_names": [
              "webblog"
            ],
            "bound_service_account_namespaces": [
              "webblog"
            ],
            "id": "auth/kubernetes/role/webblog",
            "max_ttl": null,
            "num_uses": null,
            "period": null,
            "policies": null,
            "role_name": "webblog",
            "token_bound_cidrs": [],
            "token_explicit_max_ttl": 0,
            "token_max_ttl": 0,
            "token_no_default_policy": false,
            "token_num_uses": 0,
            "token_period": 0,
            "token_policies": [
              "webblog"
            ],
            "token_ttl": 86400,
            "token_type": "default",
            "ttl": null
          },
          "sensitive_attributes": [],
          "private": "bnVsbA==",
          "dependencies": [
            "vault_auth_backend.kubernetes"
          ]
        }
      ]
    },
    {
      "mode": "managed",
      "type": "vault_mount",
      "name": "db",
      "provider": "provider[\"registry.terraform.io/hashicorp/vault\"]",
      "instances": [
        {
          "schema_version": 0,
          "attributes": {
            "accessor": "database_095ca486",
            "default_lease_ttl_seconds": 0,
            "description": "Dynamic Secrets Engine for WebBlog MongoDB.",
            "external_entropy_access": false,
            "id": "mongodb",
            "local": false,
            "max_lease_ttl_seconds": 0,
            "options": {},
            "path": "mongodb",
            "seal_wrap": false,
            "type": "database"
          },
          "sensitive_attributes": [],
          "private": "bnVsbA=="
        }
      ]
    },
    {
      "mode": "managed",
      "type": "vault_mount",
      "name": "developers",
      "provider": "provider[\"registry.terraform.io/hashicorp/vault\"]",
      "instances": [
        {
          "schema_version": 0,
          "attributes": {
            "accessor": "kv_957f8bd2",
            "default_lease_ttl_seconds": 0,
            "description": "KV2 Secrets Engine for Developers.",
            "external_entropy_access": false,
            "id": "developers",
            "local": false,
            "max_lease_ttl_seconds": 0,
            "options": {},
            "path": "developers",
            "seal_wrap": false,
            "type": "kv-v2"
          },
          "sensitive_attributes": [],
          "private": "bnVsbA=="
        }
      ]
    },
    {
      "mode": "managed",
      "type": "vault_mount",
      "name": "internal",
      "provider": "provider[\"registry.terraform.io/hashicorp/vault\"]",
      "instances": [
        {
          "schema_version": 0,
          "attributes": {
            "accessor": "kv_f87eb8bc",
            "default_lease_ttl_seconds": 0,
            "description": "KV2 Secrets Engine for WebBlog MongoDB.",
            "external_entropy_access": false,
            "id": "internal",
            "local": false,
            "max_lease_ttl_seconds": 0,
            "options": {},
            "path": "internal",
            "seal_wrap": false,
            "type": "kv-v2"
          },
          "sensitive_attributes": [],
          "private": "bnVsbA=="
        }
      ]
    },
    {
      "mode": "managed",
      "type": "vault_mount",
      "name": "operations",
      "provider": "provider[\"registry.terraform.io/hashicorp/vault\"]",
      "instances": [
        {
          "schema_version": 0,
          "attributes": {
            "accessor": "kv_a46f5ead",
            "default_lease_ttl_seconds": 0,
            "description": "KV2 Secrets Engine for Operations.",
            "external_entropy_access": false,
            "id": "operations",
            "local": false,
            "max_lease_ttl_seconds": 0,
            "options": {},
            "path": "operations",
            "seal_wrap": false,
            "type": "kv-v2"
          },
          "sensitive_attributes": [],
          "private": "bnVsbA=="
        }
      ]
    },
    {
      "mode": "managed",
      "type": "vault_mount",
      "name": "transit",
      "provider": "provider[\"registry.terraform.io/hashicorp/vault\"]",
      "instances": [
        {
          "schema_version": 0,
          "attributes": {
            "accessor": "transit_b5386502",
            "default_lease_ttl_seconds": 3600,
            "description": "To Encrypt the webblog",
            "external_entropy_access": false,
            "id": "transit",
            "local": false,
            "max_lease_ttl_seconds": 86400,
            "options": {},
            "path": "transit",
            "seal_wrap": false,
            "type": "transit"
          },
          "sensitive_attributes": [],
          "private": "bnVsbA=="
        }
      ]
    },
    {
      "mode": "managed",
      "type": "vault_policy",
      "name": "admin_policy",
      "provider": "provider[\"registry.terraform.io/hashicorp/vault\"]",
      "instances": [
        {
          "schema_version": 0,
          "attributes": {
            "id": "admins",
            "name": "admins",
            "policy": "# Manage auth methods broadly across Vault\npath \"auth/*\"\n{\n  capabilities = [\"create\", \"read\", \"update\", \"delete\", \"list\", \"sudo\"]\n}\n\n# Create, update, and delete auth methods\npath \"sys/auth/*\"\n{\n  capabilities = [\"create\", \"update\", \"delete\", \"sudo\"]\n}\n\n# List auth methods\npath \"sys/auth\"\n{\n  capabilities = [\"read\"]\n}\n\n# List existing policies\npath \"sys/policies/acl\"\n{\n  capabilities = [\"list\"]\n}\n\n# Create and manage ACL policies\npath \"sys/policies/acl/*\"\n{\n  capabilities = [\"create\", \"read\", \"update\", \"delete\", \"list\", \"sudo\"]\n}\n\n# List, create, update, and delete key/value secrets\npath \"secret/*\"\n{\n  capabilities = [\"create\", \"read\", \"update\", \"delete\", \"list\", \"sudo\"]\n}\n\n# Manage secrets engines\npath \"sys/mounts/*\"\n{\n  capabilities = [\"create\", \"read\", \"update\", \"delete\", \"list\", \"sudo\"]\n}\n\n# List existing secrets engines.\npath \"sys/mounts\"\n{\n  capabilities = [\"read\"]\n}\n\n# Read health checks\npath \"sys/health\"\n{\n  capabilities = [\"read\", \"sudo\"]\n}\n\npath \"operations/*\"\n{\n  capabilities = [\"create\", \"read\", \"update\", \"delete\", \"list\"]\n}\n\npath \"developers/*\"\n{\n  capabilities = [\"create\", \"read\", \"update\", \"delete\", \"list\"]\n}"
          },
          "sensitive_attributes": [],
          "private": "bnVsbA=="
        }
      ]
    },
    {
      "mode": "managed",
      "type": "vault_policy",
      "name": "ado_policy",
      "provider": "provider[\"registry.terraform.io/hashicorp/vault\"]",
      "instances": [
        {
          "schema_version": 0,
          "attributes": {
            "id": "ado_policy",
            "name": "ado_policy",
            "policy": "### ado-pipeline.hcl\n# Read-only permission on 'internal/data/azure*' path\npath \"internal/data/azure\" {\n  capabilities = [ \"read\" ]\n}\n\n# Read-only permission on 'internal/azure*' path\npath \"internal/azure\" {\n  capabilities = [ \"read\" ]\n}\n\npath \"auth/token/create\" {\n  capabilities = [\"create\", \"read\", \"update\", \"delete\", \"list\"]\n}\n###\n"
          },
          "sensitive_attributes": [],
          "private": "bnVsbA=="
        }
      ]
    },
    {
      "mode": "managed",
      "type": "vault_policy",
      "name": "developer_policy",
      "provider": "provider[\"registry.terraform.io/hashicorp/vault\"]",
      "instances": [
        {
          "schema_version": 0,
          "attributes": {
            "id": "developers",
            "name": "developers",
            "policy": "path \"developers/*\"\n{\n  capabilities = [\"list\"]\n}\n\npath \"developers/data/user\"\n{\n  capabilities = [\"create\", \"read\", \"update\", \"delete\", \"list\"]\n}"
          },
          "sensitive_attributes": [],
          "private": "bnVsbA=="
        }
      ]
    },
    {
      "mode": "managed",
      "type": "vault_policy",
      "name": "jenkins_policy",
      "provider": "provider[\"registry.terraform.io/hashicorp/vault\"]",
      "instances": [
        {
          "schema_version": 0,
          "attributes": {
            "id": "jenkins-policy",
            "name": "jenkins-policy",
            "policy": "path \"auth/pipeline/role/pipeline-approle/secret-id\" {\n  policy = \"write\"\n  min_wrapping_ttl   = \"100s\"\n  max_wrapping_ttl   = \"300s\"\n}"
          },
          "sensitive_attributes": [],
          "private": "bnVsbA=="
        }
      ]
    },
    {
      "mode": "managed",
      "type": "vault_policy",
      "name": "operations_policy",
      "provider": "provider[\"registry.terraform.io/hashicorp/vault\"]",
      "instances": [
        {
          "schema_version": 0,
          "attributes": {
            "id": "operations",
            "name": "operations",
            "policy": "path \"operations/*\"\n{\n  capabilities = [\"create\", \"read\", \"update\", \"delete\", \"list\"]\n}"
          },
          "sensitive_attributes": [],
          "private": "bnVsbA=="
        }
      ]
    },
    {
      "mode": "managed",
      "type": "vault_policy",
      "name": "pipeline_policy",
      "provider": "provider[\"registry.terraform.io/hashicorp/vault\"]",
      "instances": [
        {
          "schema_version": 0,
          "attributes": {
            "id": "pipeline-policy",
            "name": "pipeline-policy",
            "policy": "path \"azure/*\" {\n  capabilities = [ \"read\" ]\n}\npath \"auth/approle/role/webblog-approle/role-id\" {\n  policy = \"read\"\n}\npath \"auth/approle/role/webblog-approle/secret-id\" {\n  policy = \"write\"\n  min_wrapping_ttl   = \"100s\"\n  max_wrapping_ttl   = \"1000s\"\n}\npath \"internal/data/tfc\" {\n  capabilities = [\"read\"]\n}\npath \"internal/data/webblog/mongodb\" {\n  capabilities = [\"read\"]\n}"
          },
          "sensitive_attributes": [],
          "private": "bnVsbA=="
        }
      ]
    },
    {
      "mode": "managed",
      "type": "vault_policy",
      "name": "webblog",
      "provider": "provider[\"registry.terraform.io/hashicorp/vault\"]",
      "instances": [
        {
          "schema_version": 0,
          "attributes": {
            "id": "webblog",
            "name": "webblog",
            "policy": "path \"internal/data/webblog/mongodb\" {\n  capabilities = [\"read\"]\n}\npath \"mongodb/creds/mongodb-role\" {\n  capabilities = [ \"read\" ]\n}\npath \"mongodb_nomad/creds/mongodb-nomad-role\" {\n  capabilities = [ \"read\" ]\n}\npath \"mongodb_azure/creds/mongodb-azure-role\" {\n  capabilities = [ \"read\" ]\n}\npath \"transit/*\" {\n  capabilities = [\"list\",\"read\",\"update\"]\n}"
          },
          "sensitive_attributes": [],
          "private": "bnVsbA=="
        }
      ]
    },
    {
      "mode": "managed",
      "type": "vault_transit_secret_backend_key",
      "name": "key",
      "provider": "provider[\"registry.terraform.io/hashicorp/vault\"]",
      "instances": [
        {
          "schema_version": 0,
          "attributes": {
            "allow_plaintext_backup": false,
            "backend": "transit",
            "convergent_encryption": true,
            "deletion_allowed": false,
            "derived": true,
            "exportable": false,
            "id": "transit/keys/webblog-key",
            "keys": [
              {
                "id": "1635872733"
              }
            ],
            "latest_version": 1,
            "min_available_version": 0,
            "min_decryption_version": 1,
            "min_encryption_version": 0,
            "name": "webblog-key",
            "supports_decryption": true,
            "supports_derivation": true,
            "supports_encryption": true,
            "supports_signing": false,
            "type": "aes256-gcm96"
          },
          "sensitive_attributes": [],
          "private": "bnVsbA==",
          "dependencies": [
            "vault_mount.transit"
          ]
        }
      ]
    }
  ]
}
