{
  "version": 4,
  "terraform_version": "1.0.9",
  "serial": 18,
  "lineage": "4373f0c5-ca99-7d35-f886-2daeae09457a",
  "outputs": {
    "webblog_public_dns": {
      "value": {
        "webblog-01-ip": "webblog-01.eastus.cloudapp.azure.com",
        "webblog-02-ip": "webblog-02.eastus.cloudapp.azure.com",
        "webblog-03-ip": "webblog-03.eastus.cloudapp.azure.com"
      },
      "type": [
        "object",
        {
          "webblog-01-ip": "string",
          "webblog-02-ip": "string",
          "webblog-03-ip": "string"
        }
      ]
    }
  },
  "resources": [
    {
      "mode": "data",
      "type": "azurerm_resource_group",
      "name": "jenkinsresourcegroup",
      "provider": "provider[\"registry.terraform.io/hashicorp/azurerm\"]",
      "instances": [
        {
          "schema_version": 0,
          "attributes": {
            "id": "/subscriptions/3012021f-b102-437a-81f9-fb3cfb760017/resourceGroups/project-jenkins",
            "location": "eastus",
            "name": "project-jenkins",
            "tags": {},
            "timeouts": null
          },
          "sensitive_attributes": []
        }
      ]
    },
    {
      "mode": "managed",
      "type": "azurerm_linux_virtual_machine",
      "name": "webblog",
      "provider": "provider[\"registry.terraform.io/hashicorp/azurerm\"]",
      "instances": [
        {
          "index_key": "webblog-01",
          "schema_version": 0,
          "attributes": {
            "additional_capabilities": [],
            "admin_password": null,
            "admin_ssh_key": [
              {
                "public_key": "ssh-rsa AAAAB3NzaC1yc2EAAAADAQABAAABAQDH0CZb3TeUtelPeVp8B5qaHAmj8ONxoBarVSoAxchyq9qSTT+8tC+geEQhsKKRbUeLqDmuBGDrtO9ejBqN4a4bQpncLe1hEAVELHBblRsSZaSGwqQg6SgHwDtBbJzpKVfBG3Tgtfr7+OqP4aah2gB+SKFyZRnH+dmUJqjRvDRfGCA3M59drMqouqGqKOTZhFuGQMlwD1DtpmONSSRgRH8CcoN2eQaGaF4Owm6tC2rGTJxJChiugUi25ktRElk8qmncbjxCyHIPvaKMqgaegoU7lFhZyevYudGNutapyP4HJHZ/USlYglA9vF232N5SKnqqR39zd5E6QDcPKhEi5Fl1\n",
                "username": "adminuser"
              }
            ],
            "admin_username": "adminuser",
            "allow_extension_operations": true,
            "availability_set_id": "",
            "boot_diagnostics": [],
            "computer_name": "webblog-01",
            "custom_data": null,
            "dedicated_host_id": "",
            "disable_password_authentication": true,
            "encryption_at_host_enabled": false,
            "eviction_policy": "",
            "id": "/subscriptions/3012021f-b102-437a-81f9-fb3cfb760017/resourceGroups/project-jenkins/providers/Microsoft.Compute/virtualMachines/webblog-01",
            "identity": [],
            "location": "eastus",
            "max_bid_price": -1,
            "name": "webblog-01",
            "network_interface_ids": [
              "/subscriptions/3012021f-b102-437a-81f9-fb3cfb760017/resourceGroups/project-jenkins/providers/Microsoft.Network/networkInterfaces/webblog-01"
            ],
            "os_disk": [
              {
                "caching": "ReadWrite",
                "diff_disk_settings": [],
                "disk_encryption_set_id": "",
                "disk_size_gb": 30,
                "name": "webblog-01-osdisk",
                "storage_account_type": "Standard_LRS",
                "write_accelerator_enabled": false
              }
            ],
            "plan": [],
            "priority": "Regular",
            "private_ip_address": "10.1.10.5",
            "private_ip_addresses": [
              "10.1.10.5"
            ],
            "provision_vm_agent": true,
            "proximity_placement_group_id": "",
            "public_ip_address": "20.120.35.173",
            "public_ip_addresses": [
              "20.120.35.173"
            ],
            "resource_group_name": "project-jenkins",
            "secret": [],
            "size": "Standard_B2s",
            "source_image_id": "",
            "source_image_reference": [
              {
                "offer": "UbuntuServer",
                "publisher": "Canonical",
                "sku": "18.04-LTS",
                "version": "latest"
              }
            ],
            "tags": {
              "terraform": "true",
              "ttl": "-1"
            },
            "timeouts": null,
            "virtual_machine_id": "5196481f-503e-478b-933a-60d6f358e1a3",
            "virtual_machine_scale_set_id": "",
            "zone": ""
          },
          "sensitive_attributes": [],
          "private": "eyJlMmJmYjczMC1lY2FhLTExZTYtOGY4OC0zNDM2M2JjN2M0YzAiOnsiY3JlYXRlIjoyNzAwMDAwMDAwMDAwLCJkZWxldGUiOjI3MDAwMDAwMDAwMDAsInJlYWQiOjMwMDAwMDAwMDAwMCwidXBkYXRlIjoyNzAwMDAwMDAwMDAwfX0=",
          "dependencies": [
            "azurerm_network_interface.webblog-nic",
            "data.azurerm_resource_group.jenkinsresourcegroup"
          ]
        },
        {
          "index_key": "webblog-02",
          "schema_version": 0,
          "attributes": {
            "additional_capabilities": [],
            "admin_password": null,
            "admin_ssh_key": [
              {
                "public_key": "ssh-rsa AAAAB3NzaC1yc2EAAAADAQABAAABAQDH0CZb3TeUtelPeVp8B5qaHAmj8ONxoBarVSoAxchyq9qSTT+8tC+geEQhsKKRbUeLqDmuBGDrtO9ejBqN4a4bQpncLe1hEAVELHBblRsSZaSGwqQg6SgHwDtBbJzpKVfBG3Tgtfr7+OqP4aah2gB+SKFyZRnH+dmUJqjRvDRfGCA3M59drMqouqGqKOTZhFuGQMlwD1DtpmONSSRgRH8CcoN2eQaGaF4Owm6tC2rGTJxJChiugUi25ktRElk8qmncbjxCyHIPvaKMqgaegoU7lFhZyevYudGNutapyP4HJHZ/USlYglA9vF232N5SKnqqR39zd5E6QDcPKhEi5Fl1\n",
                "username": "adminuser"
              }
            ],
            "admin_username": "adminuser",
            "allow_extension_operations": true,
            "availability_set_id": "",
            "boot_diagnostics": [],
            "computer_name": "webblog-02",
            "custom_data": null,
            "dedicated_host_id": "",
            "disable_password_authentication": true,
            "encryption_at_host_enabled": false,
            "eviction_policy": "",
            "id": "/subscriptions/3012021f-b102-437a-81f9-fb3cfb760017/resourceGroups/project-jenkins/providers/Microsoft.Compute/virtualMachines/webblog-02",
            "identity": [],
            "location": "eastus",
            "max_bid_price": -1,
            "name": "webblog-02",
            "network_interface_ids": [
              "/subscriptions/3012021f-b102-437a-81f9-fb3cfb760017/resourceGroups/project-jenkins/providers/Microsoft.Network/networkInterfaces/webblog-02"
            ],
            "os_disk": [
              {
                "caching": "ReadWrite",
                "diff_disk_settings": [],
                "disk_encryption_set_id": "",
                "disk_size_gb": 30,
                "name": "webblog-02-osdisk",
                "storage_account_type": "Standard_LRS",
                "write_accelerator_enabled": false
              }
            ],
            "plan": [],
            "priority": "Regular",
            "private_ip_address": "10.1.10.4",
            "private_ip_addresses": [
              "10.1.10.4"
            ],
            "provision_vm_agent": true,
            "proximity_placement_group_id": "",
            "public_ip_address": "20.121.37.30",
            "public_ip_addresses": [
              "20.121.37.30"
            ],
            "resource_group_name": "project-jenkins",
            "secret": [],
            "size": "Standard_B2s",
            "source_image_id": "",
            "source_image_reference": [
              {
                "offer": "UbuntuServer",
                "publisher": "Canonical",
                "sku": "18.04-LTS",
                "version": "latest"
              }
            ],
            "tags": {
              "terraform": "true",
              "ttl": "-1"
            },
            "timeouts": null,
            "virtual_machine_id": "f9ab0309-7d01-4c83-adfd-f234474bf12a",
            "virtual_machine_scale_set_id": "",
            "zone": ""
          },
          "sensitive_attributes": [],
          "private": "eyJlMmJmYjczMC1lY2FhLTExZTYtOGY4OC0zNDM2M2JjN2M0YzAiOnsiY3JlYXRlIjoyNzAwMDAwMDAwMDAwLCJkZWxldGUiOjI3MDAwMDAwMDAwMDAsInJlYWQiOjMwMDAwMDAwMDAwMCwidXBkYXRlIjoyNzAwMDAwMDAwMDAwfX0=",
          "dependencies": [
            "azurerm_network_interface.webblog-nic",
            "azurerm_public_ip.webblog-pip",
            "azurerm_subnet.subnet",
            "azurerm_virtual_network.vnet",
            "data.azurerm_resource_group.jenkinsresourcegroup"
          ]
        },
        {
          "index_key": "webblog-03",
          "schema_version": 0,
          "attributes": {
            "additional_capabilities": [],
            "admin_password": null,
            "admin_ssh_key": [
              {
                "public_key": "ssh-rsa AAAAB3NzaC1yc2EAAAADAQABAAABAQDH0CZb3TeUtelPeVp8B5qaHAmj8ONxoBarVSoAxchyq9qSTT+8tC+geEQhsKKRbUeLqDmuBGDrtO9ejBqN4a4bQpncLe1hEAVELHBblRsSZaSGwqQg6SgHwDtBbJzpKVfBG3Tgtfr7+OqP4aah2gB+SKFyZRnH+dmUJqjRvDRfGCA3M59drMqouqGqKOTZhFuGQMlwD1DtpmONSSRgRH8CcoN2eQaGaF4Owm6tC2rGTJxJChiugUi25ktRElk8qmncbjxCyHIPvaKMqgaegoU7lFhZyevYudGNutapyP4HJHZ/USlYglA9vF232N5SKnqqR39zd5E6QDcPKhEi5Fl1\n",
                "username": "adminuser"
              }
            ],
            "admin_username": "adminuser",
            "allow_extension_operations": true,
            "availability_set_id": "",
            "boot_diagnostics": [],
            "computer_name": "webblog-03",
            "custom_data": null,
            "dedicated_host_id": "",
            "disable_password_authentication": true,
            "encryption_at_host_enabled": false,
            "eviction_policy": "",
            "id": "/subscriptions/3012021f-b102-437a-81f9-fb3cfb760017/resourceGroups/project-jenkins/providers/Microsoft.Compute/virtualMachines/webblog-03",
            "identity": [],
            "location": "eastus",
            "max_bid_price": -1,
            "name": "webblog-03",
            "network_interface_ids": [
              "/subscriptions/3012021f-b102-437a-81f9-fb3cfb760017/resourceGroups/project-jenkins/providers/Microsoft.Network/networkInterfaces/webblog-03"
            ],
            "os_disk": [
              {
                "caching": "ReadWrite",
                "diff_disk_settings": [],
                "disk_encryption_set_id": "",
                "disk_size_gb": 30,
                "name": "webblog-03-osdisk",
                "storage_account_type": "Standard_LRS",
                "write_accelerator_enabled": false
              }
            ],
            "plan": [],
            "priority": "Regular",
            "private_ip_address": "10.1.10.6",
            "private_ip_addresses": [
              "10.1.10.6"
            ],
            "provision_vm_agent": true,
            "proximity_placement_group_id": "",
            "public_ip_address": "13.92.141.2",
            "public_ip_addresses": [
              "13.92.141.2"
            ],
            "resource_group_name": "project-jenkins",
            "secret": [],
            "size": "Standard_B2s",
            "source_image_id": "",
            "source_image_reference": [
              {
                "offer": "UbuntuServer",
                "publisher": "Canonical",
                "sku": "18.04-LTS",
                "version": "latest"
              }
            ],
            "tags": {
              "terraform": "true",
              "ttl": "-1"
            },
            "timeouts": null,
            "virtual_machine_id": "144b9d27-5701-4a6d-9595-b554b9cc86c3",
            "virtual_machine_scale_set_id": "",
            "zone": ""
          },
          "sensitive_attributes": [],
          "private": "eyJlMmJmYjczMC1lY2FhLTExZTYtOGY4OC0zNDM2M2JjN2M0YzAiOnsiY3JlYXRlIjoyNzAwMDAwMDAwMDAwLCJkZWxldGUiOjI3MDAwMDAwMDAwMDAsInJlYWQiOjMwMDAwMDAwMDAwMCwidXBkYXRlIjoyNzAwMDAwMDAwMDAwfX0=",
          "dependencies": [
            "azurerm_network_interface.webblog-nic",
            "azurerm_public_ip.webblog-pip",
            "azurerm_subnet.subnet",
            "azurerm_virtual_network.vnet",
            "data.azurerm_resource_group.jenkinsresourcegroup"
          ]
        }
      ]
    },
    {
      "mode": "managed",
      "type": "azurerm_network_interface",
      "name": "webblog-nic",
      "provider": "provider[\"registry.terraform.io/hashicorp/azurerm\"]",
      "instances": [
        {
          "index_key": "webblog-01",
          "schema_version": 0,
          "attributes": {
            "applied_dns_servers": [],
            "dns_servers": [],
            "enable_accelerated_networking": false,
            "enable_ip_forwarding": false,
            "id": "/subscriptions/3012021f-b102-437a-81f9-fb3cfb760017/resourceGroups/project-jenkins/providers/Microsoft.Network/networkInterfaces/webblog-01",
            "internal_dns_name_label": "",
            "internal_domain_name_suffix": "eyuqyd0tp0lurdudwemgvsmyoc.bx.internal.cloudapp.net",
            "ip_configuration": [
              {
                "name": "project-webblog-ipconfig",
                "primary": true,
                "private_ip_address": "10.1.10.5",
                "private_ip_address_allocation": "Dynamic",
                "private_ip_address_version": "IPv4",
                "public_ip_address_id": "/subscriptions/3012021f-b102-437a-81f9-fb3cfb760017/resourceGroups/project-jenkins/providers/Microsoft.Network/publicIPAddresses/webblog-01-ip",
                "subnet_id": "/subscriptions/3012021f-b102-437a-81f9-fb3cfb760017/resourceGroups/project-jenkins/providers/Microsoft.Network/virtualNetworks/project-webblog-vnet/subnets/project-webblog-subnet"
              }
            ],
            "location": "eastus",
            "mac_address": "",
            "name": "webblog-01",
            "private_ip_address": "10.1.10.5",
            "private_ip_addresses": [
              "10.1.10.5"
            ],
            "resource_group_name": "project-jenkins",
            "tags": {},
            "timeouts": null,
            "virtual_machine_id": ""
          },
          "sensitive_attributes": [],
          "private": "eyJlMmJmYjczMC1lY2FhLTExZTYtOGY4OC0zNDM2M2JjN2M0YzAiOnsiY3JlYXRlIjoxODAwMDAwMDAwMDAwLCJkZWxldGUiOjE4MDAwMDAwMDAwMDAsInJlYWQiOjMwMDAwMDAwMDAwMCwidXBkYXRlIjoxODAwMDAwMDAwMDAwfX0=",
          "dependencies": [
            "azurerm_public_ip.webblog-pip",
            "azurerm_subnet.subnet",
            "azurerm_virtual_network.vnet",
            "data.azurerm_resource_group.jenkinsresourcegroup"
          ]
        },
        {
          "index_key": "webblog-02",
          "schema_version": 0,
          "attributes": {
            "applied_dns_servers": [],
            "dns_servers": [],
            "enable_accelerated_networking": false,
            "enable_ip_forwarding": false,
            "id": "/subscriptions/3012021f-b102-437a-81f9-fb3cfb760017/resourceGroups/project-jenkins/providers/Microsoft.Network/networkInterfaces/webblog-02",
            "internal_dns_name_label": "",
            "internal_domain_name_suffix": "eyuqyd0tp0lurdudwemgvsmyoc.bx.internal.cloudapp.net",
            "ip_configuration": [
              {
                "name": "project-webblog-ipconfig",
                "primary": true,
                "private_ip_address": "10.1.10.4",
                "private_ip_address_allocation": "Dynamic",
                "private_ip_address_version": "IPv4",
                "public_ip_address_id": "/subscriptions/3012021f-b102-437a-81f9-fb3cfb760017/resourceGroups/project-jenkins/providers/Microsoft.Network/publicIPAddresses/webblog-02-ip",
                "subnet_id": "/subscriptions/3012021f-b102-437a-81f9-fb3cfb760017/resourceGroups/project-jenkins/providers/Microsoft.Network/virtualNetworks/project-webblog-vnet/subnets/project-webblog-subnet"
              }
            ],
            "location": "eastus",
            "mac_address": "00-22-48-29-82-C0",
            "name": "webblog-02",
            "private_ip_address": "10.1.10.4",
            "private_ip_addresses": [
              "10.1.10.4"
            ],
            "resource_group_name": "project-jenkins",
            "tags": {},
            "timeouts": null,
            "virtual_machine_id": "/subscriptions/3012021f-b102-437a-81f9-fb3cfb760017/resourceGroups/project-jenkins/providers/Microsoft.Compute/virtualMachines/webblog-02"
          },
          "sensitive_attributes": [],
          "private": "eyJlMmJmYjczMC1lY2FhLTExZTYtOGY4OC0zNDM2M2JjN2M0YzAiOnsiY3JlYXRlIjoxODAwMDAwMDAwMDAwLCJkZWxldGUiOjE4MDAwMDAwMDAwMDAsInJlYWQiOjMwMDAwMDAwMDAwMCwidXBkYXRlIjoxODAwMDAwMDAwMDAwfX0=",
          "dependencies": [
            "azurerm_public_ip.webblog-pip",
            "azurerm_subnet.subnet",
            "azurerm_virtual_network.vnet",
            "data.azurerm_resource_group.jenkinsresourcegroup"
          ]
        },
        {
          "index_key": "webblog-03",
          "schema_version": 0,
          "attributes": {
            "applied_dns_servers": [],
            "dns_servers": [],
            "enable_accelerated_networking": false,
            "enable_ip_forwarding": false,
            "id": "/subscriptions/3012021f-b102-437a-81f9-fb3cfb760017/resourceGroups/project-jenkins/providers/Microsoft.Network/networkInterfaces/webblog-03",
            "internal_dns_name_label": "",
            "internal_domain_name_suffix": "eyuqyd0tp0lurdudwemgvsmyoc.bx.internal.cloudapp.net",
            "ip_configuration": [
              {
                "name": "project-webblog-ipconfig",
                "primary": true,
                "private_ip_address": "10.1.10.6",
                "private_ip_address_allocation": "Dynamic",
                "private_ip_address_version": "IPv4",
                "public_ip_address_id": "/subscriptions/3012021f-b102-437a-81f9-fb3cfb760017/resourceGroups/project-jenkins/providers/Microsoft.Network/publicIPAddresses/webblog-03-ip",
                "subnet_id": "/subscriptions/3012021f-b102-437a-81f9-fb3cfb760017/resourceGroups/project-jenkins/providers/Microsoft.Network/virtualNetworks/project-webblog-vnet/subnets/project-webblog-subnet"
              }
            ],
            "location": "eastus",
            "mac_address": "00-0D-3A-57-BA-6C",
            "name": "webblog-03",
            "private_ip_address": "10.1.10.6",
            "private_ip_addresses": [
              "10.1.10.6"
            ],
            "resource_group_name": "project-jenkins",
            "tags": {},
            "timeouts": null,
            "virtual_machine_id": "/subscriptions/3012021f-b102-437a-81f9-fb3cfb760017/resourceGroups/project-jenkins/providers/Microsoft.Compute/virtualMachines/webblog-03"
          },
          "sensitive_attributes": [],
          "private": "eyJlMmJmYjczMC1lY2FhLTExZTYtOGY4OC0zNDM2M2JjN2M0YzAiOnsiY3JlYXRlIjoxODAwMDAwMDAwMDAwLCJkZWxldGUiOjE4MDAwMDAwMDAwMDAsInJlYWQiOjMwMDAwMDAwMDAwMCwidXBkYXRlIjoxODAwMDAwMDAwMDAwfX0=",
          "dependencies": [
            "azurerm_public_ip.webblog-pip",
            "azurerm_subnet.subnet",
            "azurerm_virtual_network.vnet",
            "data.azurerm_resource_group.jenkinsresourcegroup"
          ]
        }
      ]
    },
    {
      "mode": "managed",
      "type": "azurerm_network_security_group",
      "name": "webblog-sg",
      "provider": "provider[\"registry.terraform.io/hashicorp/azurerm\"]",
      "instances": [
        {
          "schema_version": 0,
          "attributes": {
            "id": "/subscriptions/3012021f-b102-437a-81f9-fb3cfb760017/resourceGroups/project-jenkins/providers/Microsoft.Network/networkSecurityGroups/project-webblog-sg",
            "location": "eastus",
            "name": "project-webblog-sg",
            "resource_group_name": "project-jenkins",
            "security_rule": [
              {
                "access": "Allow",
                "description": "",
                "destination_address_prefix": "*",
                "destination_address_prefixes": [],
                "destination_application_security_group_ids": [],
                "destination_port_range": "21000-21255",
                "destination_port_ranges": [],
                "direction": "Inbound",
                "name": "Envoy",
                "priority": 105,
                "protocol": "Tcp",
                "source_address_prefix": "*",
                "source_address_prefixes": [],
                "source_application_security_group_ids": [],
                "source_port_range": "*",
                "source_port_ranges": []
              },
              {
                "access": "Allow",
                "description": "",
                "destination_address_prefix": "*",
                "destination_address_prefixes": [],
                "destination_application_security_group_ids": [],
                "destination_port_range": "22",
                "destination_port_ranges": [],
                "direction": "Inbound",
                "name": "SSH",
                "priority": 101,
                "protocol": "Tcp",
                "source_address_prefix": "*",
                "source_address_prefixes": [],
                "source_application_security_group_ids": [],
                "source_port_range": "*",
                "source_port_ranges": []
              },
              {
                "access": "Allow",
                "description": "",
                "destination_address_prefix": "*",
                "destination_address_prefixes": [],
                "destination_application_security_group_ids": [],
                "destination_port_range": "27017",
                "destination_port_ranges": [],
                "direction": "Inbound",
                "name": "Mongo",
                "priority": 102,
                "protocol": "Tcp",
                "source_address_prefix": "*",
                "source_address_prefixes": [],
                "source_application_security_group_ids": [],
                "source_port_range": "*",
                "source_port_ranges": []
              },
              {
                "access": "Allow",
                "description": "",
                "destination_address_prefix": "*",
                "destination_address_prefixes": [],
                "destination_application_security_group_ids": [],
                "destination_port_range": "8080",
                "destination_port_ranges": [],
                "direction": "Inbound",
                "name": "HTTP",
                "priority": 100,
                "protocol": "Tcp",
                "source_address_prefix": "*",
                "source_address_prefixes": [],
                "source_application_security_group_ids": [],
                "source_port_range": "*",
                "source_port_ranges": []
              },
              {
                "access": "Allow",
                "description": "",
                "destination_address_prefix": "*",
                "destination_address_prefixes": [],
                "destination_application_security_group_ids": [],
                "destination_port_range": "8300-8600",
                "destination_port_ranges": [],
                "direction": "Inbound",
                "name": "Consul",
                "priority": 103,
                "protocol": "Tcp",
                "source_address_prefix": "*",
                "source_address_prefixes": [],
                "source_application_security_group_ids": [],
                "source_port_range": "*",
                "source_port_ranges": []
              }
            ],
            "tags": {},
            "timeouts": null
          },
          "sensitive_attributes": [],
          "private": "eyJlMmJmYjczMC1lY2FhLTExZTYtOGY4OC0zNDM2M2JjN2M0YzAiOnsiY3JlYXRlIjoxODAwMDAwMDAwMDAwLCJkZWxldGUiOjE4MDAwMDAwMDAwMDAsInJlYWQiOjMwMDAwMDAwMDAwMCwidXBkYXRlIjoxODAwMDAwMDAwMDAwfX0=",
          "dependencies": [
            "data.azurerm_resource_group.jenkinsresourcegroup"
          ]
        }
      ]
    },
    {
      "mode": "managed",
      "type": "azurerm_public_ip",
      "name": "webblog-pip",
      "provider": "provider[\"registry.terraform.io/hashicorp/azurerm\"]",
      "instances": [
        {
          "index_key": "webblog-01",
          "schema_version": 0,
          "attributes": {
            "allocation_method": "Dynamic",
            "domain_name_label": "webblog-01",
            "fqdn": "webblog-01.eastus.cloudapp.azure.com",
            "id": "/subscriptions/3012021f-b102-437a-81f9-fb3cfb760017/resourceGroups/project-jenkins/providers/Microsoft.Network/publicIPAddresses/webblog-01-ip",
            "idle_timeout_in_minutes": 4,
            "ip_address": "",
            "ip_version": "IPv4",
            "location": "eastus",
            "name": "webblog-01-ip",
            "public_ip_prefix_id": null,
            "resource_group_name": "project-jenkins",
            "reverse_fqdn": "",
            "sku": "Basic",
            "tags": {},
            "timeouts": null,
            "zones": []
          },
          "sensitive_attributes": [],
          "private": "eyJlMmJmYjczMC1lY2FhLTExZTYtOGY4OC0zNDM2M2JjN2M0YzAiOnsiY3JlYXRlIjoxODAwMDAwMDAwMDAwLCJkZWxldGUiOjE4MDAwMDAwMDAwMDAsInJlYWQiOjMwMDAwMDAwMDAwMCwidXBkYXRlIjoxODAwMDAwMDAwMDAwfX0=",
          "dependencies": [
            "data.azurerm_resource_group.jenkinsresourcegroup"
          ]
        },
        {
          "index_key": "webblog-02",
          "schema_version": 0,
          "attributes": {
            "allocation_method": "Dynamic",
            "domain_name_label": "webblog-02",
            "fqdn": "webblog-02.eastus.cloudapp.azure.com",
            "id": "/subscriptions/3012021f-b102-437a-81f9-fb3cfb760017/resourceGroups/project-jenkins/providers/Microsoft.Network/publicIPAddresses/webblog-02-ip",
            "idle_timeout_in_minutes": 4,
            "ip_address": "20.121.37.30",
            "ip_version": "IPv4",
            "location": "eastus",
            "name": "webblog-02-ip",
            "public_ip_prefix_id": null,
            "resource_group_name": "project-jenkins",
            "reverse_fqdn": "",
            "sku": "Basic",
            "tags": {},
            "timeouts": null,
            "zones": []
          },
          "sensitive_attributes": [],
          "private": "eyJlMmJmYjczMC1lY2FhLTExZTYtOGY4OC0zNDM2M2JjN2M0YzAiOnsiY3JlYXRlIjoxODAwMDAwMDAwMDAwLCJkZWxldGUiOjE4MDAwMDAwMDAwMDAsInJlYWQiOjMwMDAwMDAwMDAwMCwidXBkYXRlIjoxODAwMDAwMDAwMDAwfX0=",
          "dependencies": [
            "data.azurerm_resource_group.jenkinsresourcegroup"
          ]
        },
        {
          "index_key": "webblog-03",
          "schema_version": 0,
          "attributes": {
            "allocation_method": "Dynamic",
            "domain_name_label": "webblog-03",
            "fqdn": "webblog-03.eastus.cloudapp.azure.com",
            "id": "/subscriptions/3012021f-b102-437a-81f9-fb3cfb760017/resourceGroups/project-jenkins/providers/Microsoft.Network/publicIPAddresses/webblog-03-ip",
            "idle_timeout_in_minutes": 4,
            "ip_address": "13.92.141.2",
            "ip_version": "IPv4",
            "location": "eastus",
            "name": "webblog-03-ip",
            "public_ip_prefix_id": null,
            "resource_group_name": "project-jenkins",
            "reverse_fqdn": "",
            "sku": "Basic",
            "tags": {},
            "timeouts": null,
            "zones": []
          },
          "sensitive_attributes": [],
          "private": "eyJlMmJmYjczMC1lY2FhLTExZTYtOGY4OC0zNDM2M2JjN2M0YzAiOnsiY3JlYXRlIjoxODAwMDAwMDAwMDAwLCJkZWxldGUiOjE4MDAwMDAwMDAwMDAsInJlYWQiOjMwMDAwMDAwMDAwMCwidXBkYXRlIjoxODAwMDAwMDAwMDAwfX0=",
          "dependencies": [
            "data.azurerm_resource_group.jenkinsresourcegroup"
          ]
        }
      ]
    },
    {
      "mode": "managed",
      "type": "azurerm_subnet",
      "name": "subnet",
      "provider": "provider[\"registry.terraform.io/hashicorp/azurerm\"]",
      "instances": [
        {
          "schema_version": 0,
          "attributes": {
            "address_prefix": "10.1.10.0/24",
            "address_prefixes": [
              "10.1.10.0/24"
            ],
            "delegation": [],
            "enforce_private_link_endpoint_network_policies": false,
            "enforce_private_link_service_network_policies": false,
            "id": "/subscriptions/3012021f-b102-437a-81f9-fb3cfb760017/resourceGroups/project-jenkins/providers/Microsoft.Network/virtualNetworks/project-webblog-vnet/subnets/project-webblog-subnet",
            "name": "project-webblog-subnet",
            "resource_group_name": "project-jenkins",
            "service_endpoints": [],
            "timeouts": null,
            "virtual_network_name": "project-webblog-vnet"
          },
          "sensitive_attributes": [],
          "private": "eyJlMmJmYjczMC1lY2FhLTExZTYtOGY4OC0zNDM2M2JjN2M0YzAiOnsiY3JlYXRlIjoxODAwMDAwMDAwMDAwLCJkZWxldGUiOjE4MDAwMDAwMDAwMDAsInJlYWQiOjMwMDAwMDAwMDAwMCwidXBkYXRlIjoxODAwMDAwMDAwMDAwfX0=",
          "dependencies": [
            "data.azurerm_resource_group.jenkinsresourcegroup",
            "azurerm_virtual_network.vnet"
          ]
        }
      ]
    },
    {
      "mode": "managed",
      "type": "azurerm_subnet_network_security_group_association",
      "name": "webblog_subnet_nsg_association",
      "provider": "provider[\"registry.terraform.io/hashicorp/azurerm\"]",
      "instances": [
        {
          "schema_version": 0,
          "attributes": {
            "id": "/subscriptions/3012021f-b102-437a-81f9-fb3cfb760017/resourceGroups/project-jenkins/providers/Microsoft.Network/virtualNetworks/project-webblog-vnet/subnets/project-webblog-subnet",
            "network_security_group_id": "/subscriptions/3012021f-b102-437a-81f9-fb3cfb760017/resourceGroups/project-jenkins/providers/Microsoft.Network/networkSecurityGroups/project-webblog-sg",
            "subnet_id": "/subscriptions/3012021f-b102-437a-81f9-fb3cfb760017/resourceGroups/project-jenkins/providers/Microsoft.Network/virtualNetworks/project-webblog-vnet/subnets/project-webblog-subnet",
            "timeouts": null
          },
          "sensitive_attributes": [],
          "private": "eyJlMmJmYjczMC1lY2FhLTExZTYtOGY4OC0zNDM2M2JjN2M0YzAiOnsiY3JlYXRlIjoxODAwMDAwMDAwMDAwLCJkZWxldGUiOjE4MDAwMDAwMDAwMDAsInJlYWQiOjMwMDAwMDAwMDAwMCwidXBkYXRlIjoxODAwMDAwMDAwMDAwfX0=",
          "dependencies": [
            "azurerm_network_security_group.webblog-sg",
            "azurerm_subnet.subnet",
            "azurerm_virtual_network.vnet",
            "data.azurerm_resource_group.jenkinsresourcegroup"
          ]
        }
      ]
    },
    {
      "mode": "managed",
      "type": "azurerm_virtual_network",
      "name": "vnet",
      "provider": "provider[\"registry.terraform.io/hashicorp/azurerm\"]",
      "instances": [
        {
          "schema_version": 0,
          "attributes": {
            "address_space": [
              "10.1.0.0/16"
            ],
            "bgp_community": "",
            "ddos_protection_plan": [],
            "dns_servers": [],
            "guid": "0f0c2926-7e53-4897-8e83-b1186ac99872",
            "id": "/subscriptions/3012021f-b102-437a-81f9-fb3cfb760017/resourceGroups/project-jenkins/providers/Microsoft.Network/virtualNetworks/project-webblog-vnet",
            "location": "eastus",
            "name": "project-webblog-vnet",
            "resource_group_name": "project-jenkins",
            "subnet": [
              {
                "address_prefix": "10.1.10.0/24",
                "id": "/subscriptions/3012021f-b102-437a-81f9-fb3cfb760017/resourceGroups/project-jenkins/providers/Microsoft.Network/virtualNetworks/project-webblog-vnet/subnets/project-webblog-subnet",
                "name": "project-webblog-subnet",
                "security_group": "/subscriptions/3012021f-b102-437a-81f9-fb3cfb760017/resourceGroups/project-jenkins/providers/Microsoft.Network/networkSecurityGroups/project-webblog-sg"
              }
            ],
            "tags": {},
            "timeouts": null,
            "vm_protection_enabled": false
          },
          "sensitive_attributes": [],
          "private": "eyJlMmJmYjczMC1lY2FhLTExZTYtOGY4OC0zNDM2M2JjN2M0YzAiOnsiY3JlYXRlIjoxODAwMDAwMDAwMDAwLCJkZWxldGUiOjE4MDAwMDAwMDAwMDAsInJlYWQiOjMwMDAwMDAwMDAwMCwidXBkYXRlIjoxODAwMDAwMDAwMDAwfX0=",
          "dependencies": [
            "data.azurerm_resource_group.jenkinsresourcegroup"
          ]
        }
      ]
    }
  ]
}
