{
  "version": 4,
  "terraform_version": "1.0.9",
  "serial": 37,
  "lineage": "1ef0e5ed-3adf-0de6-f930-6dffb12c7091",
  "outputs": {
    "jenkins_public_dns": {
      "value": "project-jenkins.eastus.cloudapp.azure.com",
      "type": "string"
    }
  },
  "resources": [
    {
      "mode": "data",
      "type": "azurerm_resource_group",
      "name": "myresourcegroup",
      "provider": "provider[\"registry.terraform.io/hashicorp/azurerm\"]",
      "instances": [
        {
          "schema_version": 0,
          "attributes": {
            "id": "/subscriptions/3012021f-b102-437a-81f9-fb3cfb760017/resourceGroups/project-jenkins",
            "location": "eastus",
            "name": "project-jenkins",
            "tags": {},
            "timeouts": null
          },
          "sensitive_attributes": []
        }
      ]
    },
    {
      "mode": "managed",
      "type": "azurerm_linux_virtual_machine",
      "name": "jenkins",
      "provider": "provider[\"registry.terraform.io/hashicorp/azurerm\"]",
      "instances": [
        {
          "schema_version": 0,
          "attributes": {
            "additional_capabilities": [],
            "admin_password": null,
            "admin_ssh_key": [
              {
                "public_key": "ssh-rsa AAAAB3NzaC1yc2EAAAADAQABAAABAQDH0CZb3TeUtelPeVp8B5qaHAmj8ONxoBarVSoAxchyq9qSTT+8tC+geEQhsKKRbUeLqDmuBGDrtO9ejBqN4a4bQpncLe1hEAVELHBblRsSZaSGwqQg6SgHwDtBbJzpKVfBG3Tgtfr7+OqP4aah2gB+SKFyZRnH+dmUJqjRvDRfGCA3M59drMqouqGqKOTZhFuGQMlwD1DtpmONSSRgRH8CcoN2eQaGaF4Owm6tC2rGTJxJChiugUi25ktRElk8qmncbjxCyHIPvaKMqgaegoU7lFhZyevYudGNutapyP4HJHZ/USlYglA9vF232N5SKnqqR39zd5E6QDcPKhEi5Fl1",
                "username": "adminuser"
              }
            ],
            "admin_username": "adminuser",
            "allow_extension_operations": true,
            "availability_set_id": "",
            "boot_diagnostics": [],
            "computer_name": "project-jenkins",
            "custom_data": null,
            "dedicated_host_id": "",
            "disable_password_authentication": true,
            "encryption_at_host_enabled": false,
            "eviction_policy": "",
            "id": "/subscriptions/3012021f-b102-437a-81f9-fb3cfb760017/resourceGroups/project-jenkins/providers/Microsoft.Compute/virtualMachines/project-jenkins",
            "identity": [],
            "location": "eastus",
            "max_bid_price": -1,
            "name": "project-jenkins",
            "network_interface_ids": [
              "/subscriptions/3012021f-b102-437a-81f9-fb3cfb760017/resourceGroups/project-jenkins/providers/Microsoft.Network/networkInterfaces/project-jenkins-nic"
            ],
            "os_disk": [
              {
                "caching": "ReadWrite",
                "diff_disk_settings": [],
                "disk_encryption_set_id": "",
                "disk_size_gb": 30,
                "name": "project-osdisk",
                "storage_account_type": "Standard_LRS",
                "write_accelerator_enabled": false
              }
            ],
            "plan": [],
            "priority": "Regular",
            "private_ip_address": "10.0.10.4",
            "private_ip_addresses": [
              "10.0.10.4"
            ],
            "provision_vm_agent": true,
            "proximity_placement_group_id": "",
            "public_ip_address": "20.119.66.77",
            "public_ip_addresses": [
              "20.119.66.77"
            ],
            "resource_group_name": "project-jenkins",
            "secret": [],
            "size": "Standard_B1s",
            "source_image_id": "",
            "source_image_reference": [
              {
                "offer": "UbuntuServer",
                "publisher": "Canonical",
                "sku": "18.04-LTS",
                "version": "latest"
              }
            ],
            "tags": {
              "se-region": "East US",
              "terraform": "true",
              "ttl": "-1"
            },
            "timeouts": null,
            "virtual_machine_id": "7c3ead02-cf5f-45e5-98ef-b969b822f36b",
            "virtual_machine_scale_set_id": "",
            "zone": ""
          },
          "sensitive_attributes": [],
          "private": "eyJlMmJmYjczMC1lY2FhLTExZTYtOGY4OC0zNDM2M2JjN2M0YzAiOnsiY3JlYXRlIjoyNzAwMDAwMDAwMDAwLCJkZWxldGUiOjI3MDAwMDAwMDAwMDAsInJlYWQiOjMwMDAwMDAwMDAwMCwidXBkYXRlIjoyNzAwMDAwMDAwMDAwfX0=",
          "dependencies": [
            "azurerm_network_interface.jenkins-nic",
            "data.azurerm_resource_group.myresourcegroup"
          ]
        }
      ]
    },
    {
      "mode": "managed",
      "type": "azurerm_network_interface",
      "name": "jenkins-nic",
      "provider": "provider[\"registry.terraform.io/hashicorp/azurerm\"]",
      "instances": [
        {
          "schema_version": 0,
          "attributes": {
            "applied_dns_servers": [],
            "dns_servers": [],
            "enable_accelerated_networking": false,
            "enable_ip_forwarding": false,
            "id": "/subscriptions/3012021f-b102-437a-81f9-fb3cfb760017/resourceGroups/project-jenkins/providers/Microsoft.Network/networkInterfaces/project-jenkins-nic",
            "internal_dns_name_label": "",
            "internal_domain_name_suffix": "guprw0xxzbdejgaseyjeozxjoe.bx.internal.cloudapp.net",
            "ip_configuration": [
              {
                "name": "project-ipconfig",
                "primary": true,
                "private_ip_address": "10.0.10.4",
                "private_ip_address_allocation": "Dynamic",
                "private_ip_address_version": "IPv4",
                "public_ip_address_id": "/subscriptions/3012021f-b102-437a-81f9-fb3cfb760017/resourceGroups/project-jenkins/providers/Microsoft.Network/publicIPAddresses/project-ip",
                "subnet_id": "/subscriptions/3012021f-b102-437a-81f9-fb3cfb760017/resourceGroups/project-jenkins/providers/Microsoft.Network/virtualNetworks/project-vnet/subnets/project-subnet"
              }
            ],
            "location": "eastus",
            "mac_address": "",
            "name": "project-jenkins-nic",
            "private_ip_address": "10.0.10.4",
            "private_ip_addresses": [
              "10.0.10.4"
            ],
            "resource_group_name": "project-jenkins",
            "tags": {},
            "timeouts": null,
            "virtual_machine_id": ""
          },
          "sensitive_attributes": [],
          "private": "eyJlMmJmYjczMC1lY2FhLTExZTYtOGY4OC0zNDM2M2JjN2M0YzAiOnsiY3JlYXRlIjoxODAwMDAwMDAwMDAwLCJkZWxldGUiOjE4MDAwMDAwMDAwMDAsInJlYWQiOjMwMDAwMDAwMDAwMCwidXBkYXRlIjoxODAwMDAwMDAwMDAwfX0=",
          "dependencies": [
            "azurerm_public_ip.jenkins-pip",
            "azurerm_subnet.subnet",
            "azurerm_virtual_network.vnet",
            "data.azurerm_resource_group.myresourcegroup"
          ]
        }
      ]
    },
    {
      "mode": "managed",
      "type": "azurerm_network_interface_security_group_association",
      "name": "jenkins-sga",
      "provider": "provider[\"registry.terraform.io/hashicorp/azurerm\"]",
      "instances": [
        {
          "schema_version": 0,
          "attributes": {
            "id": "/subscriptions/3012021f-b102-437a-81f9-fb3cfb760017/resourceGroups/project-jenkins/providers/Microsoft.Network/networkInterfaces/project-jenkins-nic|/subscriptions/3012021f-b102-437a-81f9-fb3cfb760017/resourceGroups/project-jenkins/providers/Microsoft.Network/networkSecurityGroups/project-sg",
            "network_interface_id": "/subscriptions/3012021f-b102-437a-81f9-fb3cfb760017/resourceGroups/project-jenkins/providers/Microsoft.Network/networkInterfaces/project-jenkins-nic",
            "network_security_group_id": "/subscriptions/3012021f-b102-437a-81f9-fb3cfb760017/resourceGroups/project-jenkins/providers/Microsoft.Network/networkSecurityGroups/project-sg",
            "timeouts": null
          },
          "sensitive_attributes": [],
          "private": "eyJlMmJmYjczMC1lY2FhLTExZTYtOGY4OC0zNDM2M2JjN2M0YzAiOnsiY3JlYXRlIjoxODAwMDAwMDAwMDAwLCJkZWxldGUiOjE4MDAwMDAwMDAwMDAsInJlYWQiOjMwMDAwMDAwMDAwMCwidXBkYXRlIjoxODAwMDAwMDAwMDAwfX0=",
          "dependencies": [
            "azurerm_network_interface.jenkins-nic",
            "azurerm_network_security_group.jenkins-sg",
            "azurerm_public_ip.jenkins-pip",
            "azurerm_subnet.subnet",
            "azurerm_virtual_network.vnet",
            "data.azurerm_resource_group.myresourcegroup"
          ]
        }
      ]
    },
    {
      "mode": "managed",
      "type": "azurerm_network_security_group",
      "name": "jenkins-sg",
      "provider": "provider[\"registry.terraform.io/hashicorp/azurerm\"]",
      "instances": [
        {
          "schema_version": 0,
          "attributes": {
            "id": "/subscriptions/3012021f-b102-437a-81f9-fb3cfb760017/resourceGroups/project-jenkins/providers/Microsoft.Network/networkSecurityGroups/project-sg",
            "location": "eastus",
            "name": "project-sg",
            "resource_group_name": "project-jenkins",
            "security_rule": [
              {
                "access": "Allow",
                "description": "",
                "destination_address_prefix": "*",
                "destination_address_prefixes": [],
                "destination_application_security_group_ids": [],
                "destination_port_range": "22",
                "destination_port_ranges": [],
                "direction": "Inbound",
                "name": "SSH",
                "priority": 101,
                "protocol": "Tcp",
                "source_address_prefix": "*",
                "source_address_prefixes": [],
                "source_application_security_group_ids": [],
                "source_port_range": "*",
                "source_port_ranges": []
              },
              {
                "access": "Allow",
                "description": "",
                "destination_address_prefix": "*",
                "destination_address_prefixes": [],
                "destination_application_security_group_ids": [],
                "destination_port_range": "8080",
                "destination_port_ranges": [],
                "direction": "Inbound",
                "name": "HTTP",
                "priority": 100,
                "protocol": "Tcp",
                "source_address_prefix": "*",
                "source_address_prefixes": [],
                "source_application_security_group_ids": [],
                "source_port_range": "*",
                "source_port_ranges": []
              }
            ],
            "tags": {},
            "timeouts": null
          },
          "sensitive_attributes": [],
          "private": "eyJlMmJmYjczMC1lY2FhLTExZTYtOGY4OC0zNDM2M2JjN2M0YzAiOnsiY3JlYXRlIjoxODAwMDAwMDAwMDAwLCJkZWxldGUiOjE4MDAwMDAwMDAwMDAsInJlYWQiOjMwMDAwMDAwMDAwMCwidXBkYXRlIjoxODAwMDAwMDAwMDAwfX0=",
          "dependencies": [
            "data.azurerm_resource_group.myresourcegroup"
          ]
        }
      ]
    },
    {
      "mode": "managed",
      "type": "azurerm_public_ip",
      "name": "jenkins-pip",
      "provider": "provider[\"registry.terraform.io/hashicorp/azurerm\"]",
      "instances": [
        {
          "schema_version": 0,
          "attributes": {
            "allocation_method": "Dynamic",
            "domain_name_label": "project-jenkins",
            "fqdn": "project-jenkins.eastus.cloudapp.azure.com",
            "id": "/subscriptions/3012021f-b102-437a-81f9-fb3cfb760017/resourceGroups/project-jenkins/providers/Microsoft.Network/publicIPAddresses/project-ip",
            "idle_timeout_in_minutes": 4,
            "ip_address": "",
            "ip_version": "IPv4",
            "location": "eastus",
            "name": "project-ip",
            "public_ip_prefix_id": null,
            "resource_group_name": "project-jenkins",
            "reverse_fqdn": "",
            "sku": "Basic",
            "tags": {},
            "timeouts": null,
            "zones": []
          },
          "sensitive_attributes": [],
          "private": "eyJlMmJmYjczMC1lY2FhLTExZTYtOGY4OC0zNDM2M2JjN2M0YzAiOnsiY3JlYXRlIjoxODAwMDAwMDAwMDAwLCJkZWxldGUiOjE4MDAwMDAwMDAwMDAsInJlYWQiOjMwMDAwMDAwMDAwMCwidXBkYXRlIjoxODAwMDAwMDAwMDAwfX0=",
          "dependencies": [
            "data.azurerm_resource_group.myresourcegroup"
          ]
        }
      ]
    },
    {
      "mode": "managed",
      "type": "azurerm_subnet",
      "name": "subnet",
      "provider": "provider[\"registry.terraform.io/hashicorp/azurerm\"]",
      "instances": [
        {
          "schema_version": 0,
          "attributes": {
            "address_prefix": "10.0.10.0/24",
            "address_prefixes": [
              "10.0.10.0/24"
            ],
            "delegation": [],
            "enforce_private_link_endpoint_network_policies": false,
            "enforce_private_link_service_network_policies": false,
            "id": "/subscriptions/3012021f-b102-437a-81f9-fb3cfb760017/resourceGroups/project-jenkins/providers/Microsoft.Network/virtualNetworks/project-vnet/subnets/project-subnet",
            "name": "project-subnet",
            "resource_group_name": "project-jenkins",
            "service_endpoints": [],
            "timeouts": null,
            "virtual_network_name": "project-vnet"
          },
          "sensitive_attributes": [],
          "private": "eyJlMmJmYjczMC1lY2FhLTExZTYtOGY4OC0zNDM2M2JjN2M0YzAiOnsiY3JlYXRlIjoxODAwMDAwMDAwMDAwLCJkZWxldGUiOjE4MDAwMDAwMDAwMDAsInJlYWQiOjMwMDAwMDAwMDAwMCwidXBkYXRlIjoxODAwMDAwMDAwMDAwfX0=",
          "dependencies": [
            "azurerm_virtual_network.vnet",
            "data.azurerm_resource_group.myresourcegroup"
          ]
        }
      ]
    },
    {
      "mode": "managed",
      "type": "azurerm_virtual_network",
      "name": "vnet",
      "provider": "provider[\"registry.terraform.io/hashicorp/azurerm\"]",
      "instances": [
        {
          "schema_version": 0,
          "attributes": {
            "address_space": [
              "10.0.0.0/16"
            ],
            "bgp_community": "",
            "ddos_protection_plan": [],
            "dns_servers": [],
            "guid": "6a1b1f35-c8f7-4446-9812-26124766e974",
            "id": "/subscriptions/3012021f-b102-437a-81f9-fb3cfb760017/resourceGroups/project-jenkins/providers/Microsoft.Network/virtualNetworks/project-vnet",
            "location": "eastus",
            "name": "project-vnet",
            "resource_group_name": "project-jenkins",
            "subnet": [
              {
                "address_prefix": "10.0.10.0/24",
                "id": "/subscriptions/3012021f-b102-437a-81f9-fb3cfb760017/resourceGroups/project-jenkins/providers/Microsoft.Network/virtualNetworks/project-vnet/subnets/project-subnet",
                "name": "project-subnet",
                "security_group": ""
              }
            ],
            "tags": {},
            "timeouts": null,
            "vm_protection_enabled": false
          },
          "sensitive_attributes": [],
          "private": "eyJlMmJmYjczMC1lY2FhLTExZTYtOGY4OC0zNDM2M2JjN2M0YzAiOnsiY3JlYXRlIjoxODAwMDAwMDAwMDAwLCJkZWxldGUiOjE4MDAwMDAwMDAwMDAsInJlYWQiOjMwMDAwMDAwMDAwMCwidXBkYXRlIjoxODAwMDAwMDAwMDAwfX0=",
          "dependencies": [
            "data.azurerm_resource_group.myresourcegroup"
          ]
        }
      ]
    }
  ]
}
